{
    "_readme": [
        "This file locks the dependencies of your project to a known state",
        "Read more about it at https://getcomposer.org/doc/01-basic-usage.md#installing-dependencies",
        "This file is @generated automatically"
    ],
    "content-hash": "8670790e6b7a9bbc9a10d573c219068f",
    "packages": [
        {
            "name": "antikirra/random-bytes",
            "version": "1.0.0",
            "source": {
                "type": "git",
                "url": "https://github.com/antikirra/random-bytes.git",
                "reference": "139f5d16cf58406aa9d9935a5b8903bf28fb68e1"
            },
            "dist": {
                "type": "zip",
                "url": "https://api.github.com/repos/antikirra/random-bytes/zipball/139f5d16cf58406aa9d9935a5b8903bf28fb68e1",
                "reference": "139f5d16cf58406aa9d9935a5b8903bf28fb68e1",
                "shasum": ""
            },
            "require": {
                "php": "^5.6 || ^7.0 || ^8.0"
            },
            "type": "library",
            "autoload": {
                "files": [
                    "random_bytes.php"
                ],
                "psr-4": {
                    "Antikirra\\": ""
                }
            },
            "notification-url": "https://packagist.org/downloads/",
            "license": [
                "MIT"
            ],
            "authors": [
                {
                    "name": "Kirill Tkachenko",
                    "email": "antikirra@gmail.com"
                }
            ],
            "support": {
                "issues": "https://github.com/antikirra/random-bytes/issues",
                "source": "https://github.com/antikirra/random-bytes/tree/1.0.0"
            },
            "time": "2025-07-19T11:44:05+00:00"
        }
    ],
    "packages-dev": [],
    "aliases": [],
    "minimum-stability": "dev",
    "stability-flags": {},
    "prefer-stable": false,
    "prefer-lowest": false,
    "platform": {
        "php": "^5.6 || ^7.0 || ^8.0"
    },
    "platform-dev": {},
    "plugin-api-version": "2.6.0"
}
